
Microsoft Visual Studio Solution File, Format Version 12.00
# Visual Studio Version 17
VisualStudioVersion = 17.8.34322.80
MinimumVisualStudioVersion = 10.0.40219.1
Project("{FAE04EC0-301F-11D3-BF4B-00C04F79EFBC}") = "EventPlayer", "ArtNetEventPlayer\EventPlayer.csproj", "{ECEE19BC-B647-47CC-B9BA-DD96CEBD0276}"
EndProject
Global
	GlobalSection(SolutionConfigurationPlatforms) = preSolution
		Debug|Any CPU = Debug|Any CPU
		Release|Any CPU = Release|Any CPU
	EndGlobalSection
	GlobalSection(ProjectConfigurationPlatforms) = postSolution
		{ECEE19BC-B647-47CC-B9BA-DD96CEBD0276}.Debug|Any CPU.ActiveCfg = Debug|Any CPU
		{ECEE19BC-B647-47CC-B9BA-DD96CEBD0276}.Debug|Any CPU.Build.0 = Debug|Any CPU
		{ECEE19BC-B647-47CC-B9BA-DD96CEBD0276}.Release|Any CPU.ActiveCfg = Release|Any CPU
		{ECEE19BC-B647-47CC-B9BA-DD96CEBD0276}.Release|Any CPU.Build.0 = Release|Any CPU
	EndGlobalSection
	GlobalSection(SolutionProperties) = preSolution
		HideSolutionNode = FALSE
	EndGlobalSection
	GlobalSection(ExtensibilityGlobals) = postSolution
		SolutionGuid = {B995832E-0159-49B0-AE75-EB958C2643DB}
	EndGlobalSection
EndGlobal
